// !$*UTF8*$!
{
	archiveVersion = 1;
	classes = {
	};
	objectVersion = 56;
	objects = {

/* Begin PBXBuildFile section */
		CCC000000000000000000001 /* UltraToolsApp.swift in Sources */ = {isa = PBXBuildFile; fileRef = BBB000000000000000000001 /* UltraToolsApp.swift */; };
		CCC000000000000000000002 /* HomeView.swift in Sources */ = {isa = PBXBuildFile; fileRef = BBB000000000000000000002 /* HomeView.swift */; };
		CCC000000000000000000003 /* CertificatesView.swift in Sources */ = {isa = PBXBuildFile; fileRef = BBB000000000000000000003 /* CertificatesView.swift */; };
		CCC000000000000000000004 /* HiddenFeaturesView.swift in Sources */ = {isa = PBXBuildFile; fileRef = BBB000000000000000000004 /* HiddenFeaturesView.swift */; };
		CCC000000000000000000005 /* DynamicIslandView.swift in Sources */ = {isa = PBXBuildFile; fileRef = BBB000000000000000000005 /* DynamicIslandView.swift */; };
		CCC000000000000000000006 /* IslandOverlay.swift in Sources */ = {isa = PBXBuildFile; fileRef = BBB000000000000000000006 /* IslandOverlay.swift */; };
		CCC000000000000000000007 /* IslandManager.swift in Sources */ = {isa = PBXBuildFile; fileRef = BBB000000000000000000007 /* IslandManager.swift */; };
		CCC000000000000000000008 /* LiveActivityAttributes.swift in Sources */ = {isa = PBXBuildFile; fileRef = BBB000000000000000000008 /* LiveActivityAttributes.swift */; };
		CCC000000000000000000009 /* Assets.xcassets in Resources */ = {isa = PBXBuildFile; fileRef = BBB000000000000000000009 /* Assets.xcassets */; };
		CCC000000000000000000010 /* IslandLiveActivity.swift in Sources */ = {isa = PBXBuildFile; fileRef = BBB000000000000000000011 /* IslandLiveActivity.swift */; };
		CCC000000000000000000011 /* LiveActivityAttributes.swift in Sources */ = {isa = PBXBuildFile; fileRef = BBB000000000000000000008 /* LiveActivityAttributes.swift */; };
		CCC000000000000000000012 /* IslandWidget.appex in Embed Foundation Extensions */ = {isa = PBXBuildFile; fileRef = BBB000000000000000000014 /* IslandWidget.appex */; settings = {ATTRIBUTES = (RemoveHeadersOnCopy, ); }; };
/* End PBXBuildFile section */

/* Begin PBXContainerItemProxy section */
		HHH000000000000000000002 /* PBXContainerItemProxy */ = {
			isa = PBXContainerItemProxy;
			containerPortal = AAA000000000000000000001 /* Project object */;
			proxyType = 1;
			remoteGlobalIDString = DDD000000000000000000002;
			remoteInfo = IslandWidget;
		};
/* End PBXContainerItemProxy section */

/* Begin PBXCopyFilesBuildPhase section */
		EEE000000000000000000004 /* Embed Foundation Extensions */ = {
			isa = PBXCopyFilesBuildPhase;
			buildActionMask = 2147483647;
			dstPath = "";
			dstSubfolderSpec = 13;
			files = (
				CCC000000000000000000012 /* IslandWidget.appex in Embed Foundation Extensions */,
			);
			name = "Embed Foundation Extensions";
			runOnlyForDeploymentPostprocessing = 0;
		};
/* End PBXCopyFilesBuildPhase section */

/* Begin PBXFileReference section */
		BBB000000000000000000001 /* UltraToolsApp.swift */ = {isa = PBXFileReference; lastKnownFileType = sourcecode.swift; path = UltraToolsApp.swift; sourceTree = "<group>"; };
		BBB000000000000000000002 /* HomeView.swift */ = {isa = PBXFileReference; lastKnownFileType = sourcecode.swift; path = HomeView.swift; sourceTree = "<group>"; };
		BBB000000000000000000003 /* CertificatesView.swift */ = {isa = PBXFileReference; lastKnownFileType = sourcecode.swift; path = CertificatesView.swift; sourceTree = "<group>"; };
		BBB000000000000000000004 /* HiddenFeaturesView.swift */ = {isa = PBXFileReference; lastKnownFileType = sourcecode.swift; path = HiddenFeaturesView.swift; sourceTree = "<group>"; };
		BBB000000000000000000005 /* DynamicIslandView.swift */ = {isa = PBXFileReference; lastKnownFileType = sourcecode.swift; path = DynamicIslandView.swift; sourceTree = "<group>"; };
		BBB000000000000000000006 /* IslandOverlay.swift */ = {isa = PBXFileReference; lastKnownFileType = sourcecode.swift; path = IslandOverlay.swift; sourceTree = "<group>"; };
		BBB000000000000000000007 /* IslandManager.swift */ = {isa = PBXFileReference; lastKnownFileType = sourcecode.swift; path = IslandManager.swift; sourceTree = "<group>"; };
		BBB000000000000000000008 /* LiveActivityAttributes.swift */ = {isa = PBXFileReference; lastKnownFileType = sourcecode.swift; path = LiveActivityAttributes.swift; sourceTree = "<group>"; };
		BBB000000000000000000009 /* Assets.xcassets */ = {isa = PBXFileReference; lastKnownFileType = folder.assetcatalog; path = Assets.xcassets; sourceTree = "<group>"; };
		BBB000000000000000000010 /* Info.plist */ = {isa = PBXFileReference; lastKnownFileType = text.plist.xml; path = Info.plist; sourceTree = "<group>"; };
		BBB000000000000000000011 /* IslandLiveActivity.swift */ = {isa = PBXFileReference; lastKnownFileType = sourcecode.swift; path = IslandLiveActivity.swift; sourceTree = "<group>"; };
		BBB000000000000000000012 /* Info.plist */ = {isa = PBXFileReference; lastKnownFileType = text.plist.xml; path = Info.plist; sourceTree = "<group>"; };
		BBB000000000000000000013 /* UltraTools.app */ = {isa = PBXFileReference; explicitFileType = wrapper.application; includeInIndex = 0; path = UltraTools.app; sourceTree = BUILT_PRODUCTS_DIR; };
		BBB000000000000000000014 /* IslandWidget.appex */ = {isa = PBXFileReference; explicitFileType = "wrapper.app-extension"; includeInIndex = 0; path = IslandWidget.appex; sourceTree = BUILT_PRODUCTS_DIR; };
/* End PBXFileReference section */

/* Begin PBXFrameworksBuildPhase section */
		EEE000000000000000000002 /* Frameworks */ = {
			isa = PBXFrameworksBuildPhase;
			buildActionMask = 2147483647;
			files = (
			);
			runOnlyForDeploymentPostprocessing = 0;
		};
		EEE000000000000000000006 /* Frameworks */ = {
			isa = PBXFrameworksBuildPhase;
			buildActionMask = 2147483647;
			files = (
			);
			runOnlyForDeploymentPostprocessing = 0;
		};
/* End PBXFrameworksBuildPhase section */

/* Begin PBXGroup section */
		AAA000000000000000000002 = {
			isa = PBXGroup;
			children = (
				AAA000000000000000000004 /* UltraTools */,
				AAA000000000000000000007 /* IslandWidget */,
				AAA000000000000000000003 /* Products */,
			);
			sourceTree = "<group>";
		};
		AAA000000000000000000003 /* Products */ = {
			isa = PBXGroup;
			children = (
				BBB000000000000000000013 /* UltraTools.app */,
				BBB000000000000000000014 /* IslandWidget.appex */,
			);
			name = Products;
			sourceTree = "<group>";
		};
		AAA000000000000000000004 /* UltraTools */ = {
			isa = PBXGroup;
			children = (
				BBB000000000000000000001 /* UltraToolsApp.swift */,
				AAA000000000000000000005 /* Features */,
				AAA000000000000000000006 /* Shared */,
				AAA000000000000000000008 /* Resources */,
				BBB000000000000000000010 /* Info.plist */,
			);
			path = UltraTools;
			sourceTree = "<group>";
		};
		AAA000000000000000000005 /* Features */ = {
			isa = PBXGroup;
			children = (
				BBB000000000000000000002 /* HomeView.swift */,
				BBB000000000000000000003 /* CertificatesView.swift */,
				BBB000000000000000000004 /* HiddenFeaturesView.swift */,
				BBB000000000000000000005 /* DynamicIslandView.swift */,
				BBB000000000000000000006 /* IslandOverlay.swift */,
			);
			path = Features;
			sourceTree = "<group>";
		};
		AAA000000000000000000006 /* Shared */ = {
			isa = PBXGroup;
			children = (
				BBB000000000000000000007 /* IslandManager.swift */,
				BBB000000000000000000008 /* LiveActivityAttributes.swift */,
			);
			path = Shared;
			sourceTree = "<group>";
		};
		AAA000000000000000000008 /* Resources */ = {
			isa = PBXGroup;
			children = (
				BBB000000000000000000009 /* Assets.xcassets */,
			);
			path = Resources;
			sourceTree = "<group>";
		};
		AAA000000000000000000007 /* IslandWidget */ = {
			isa = PBXGroup;
			children = (
				BBB000000000000000000011 /* IslandLiveActivity.swift */,
				BBB000000000000000000012 /* Info.plist */,
			);
			path = IslandWidget;
			sourceTree = "<group>";
		};
/* End PBXGroup section */

/* Begin PBXNativeTarget section */
		DDD000000000000000000001 /* UltraTools */ = {
			isa = PBXNativeTarget;
			buildConfigurationList = FFF000000000000000000002 /* Build configuration list for PBXNativeTarget "UltraTools" */;
			buildPhases = (
				EEE000000000000000000001 /* Sources */,
				EEE000000000000000000002 /* Frameworks */,
				EEE000000000000000000003 /* Resources */,
				EEE000000000000000000004 /* Embed Foundation Extensions */,
			);
			buildRules = (
			);
			dependencies = (
				HHH000000000000000000001 /* PBXTargetDependency */,
			);
			name = UltraTools;
			productName = UltraTools;
			productReference = BBB000000000000000000013 /* UltraTools.app */;
			productType = "com.apple.product-type.application";
		};
		DDD000000000000000000002 /* IslandWidget */ = {
			isa = PBXNativeTarget;
			buildConfigurationList = FFF000000000000000000003 /* Build configuration list for PBXNativeTarget "IslandWidget" */;
			buildPhases = (
				EEE000000000000000000005 /* Sources */,
				EEE000000000000000000006 /* Frameworks */,
				EEE000000000000000000007 /* Resources */,
			);
			buildRules = (
			);
			dependencies = (
			);
			name = IslandWidget;
			productName = IslandWidget;
			productReference = BBB000000000000000000014 /* IslandWidget.appex */;
			productType = "com.apple.product-type.app-extension";
		};
/* End PBXNativeTarget section */

/* Begin PBXProject section */
		AAA000000000000000000001 /* Project object */ = {
			isa = PBXProject;
			attributes = {
				BuildIndependentTargetsInParallel = 1;
				LastSwiftUpdateCheck = 1540;
				LastUpgradeCheck = 1540;
				TargetAttributes = {
					DDD000000000000000000001 = {
						CreatedOnToolsVersion = 15.4;
					};
					DDD000000000000000000002 = {
						CreatedOnToolsVersion = 15.4;
					};
				};
			};
			buildConfigurationList = FFF000000000000000000001 /* Build configuration list for PBXProject "UltraTools" */;
			compatibilityVersion = "Xcode 14.0";
			developmentRegion = en;
			hasScannedForEncodings = 0;
			knownRegions = (
				en,
				Base,
			);
			mainGroup = AAA000000000000000000002;
			productRefGroup = AAA000000000000000000003 /* Products */;
			projectDirPath = "";
			projectRoot = "";
			targets = (
				DDD000000000000000000001 /* UltraTools */,
				DDD000000000000000000002 /* IslandWidget */,
			);
		};
/* End PBXProject section */

/* Begin PBXResourcesBuildPhase section */
		EEE000000000000000000003 /* Resources */ = {
			isa = PBXResourcesBuildPhase;
			buildActionMask = 2147483647;
			files = (
				CCC000000000000000000009 /* Assets.xcassets in Resources */,
			);
			runOnlyForDeploymentPostprocessing = 0;
		};
		EEE000000000000000000007 /* Resources */ = {
			isa = PBXResourcesBuildPhase;
			buildActionMask = 2147483647;
			files = (
			);
			runOnlyForDeploymentPostprocessing = 0;
		};
/* End PBXResourcesBuildPhase section */

/* Begin PBXSourcesBuildPhase section */
		EEE000000000000000000001 /* Sources */ = {
			isa = PBXSourcesBuildPhase;
			buildActionMask = 2147483647;
			files = (
				CCC000000000000000000001 /* UltraToolsApp.swift in Sources */,
				CCC000000000000000000002 /* HomeView.swift in Sources */,
				CCC000000000000000000003 /* CertificatesView.swift in Sources */,
				CCC000000000000000000004 /* HiddenFeaturesView.swift in Sources */,
				CCC000000000000000000005 /* DynamicIslandView.swift in Sources */,
				CCC000000000000000000006 /* IslandOverlay.swift in Sources */,
				CCC000000000000000000007 /* IslandManager.swift in Sources */,
				CCC000000000000000000008 /* LiveActivityAttributes.swift in Sources */,
			);
			runOnlyForDeploymentPostprocessing = 0;
		};
		EEE000000000000000000005 /* Sources */ = {
			isa = PBXSourcesBuildPhase;
			buildActionMask = 2147483647;
			files = (
				CCC000000000000000000010 /* IslandLiveActivity.swift in Sources */,
				CCC000000000000000000011 /* LiveActivityAttributes.swift in Sources */,
			);
			runOnlyForDeploymentPostprocessing = 0;
		};
/* End PBXSourcesBuildPhase section */

/* Begin PBXTargetDependency section */
		HHH000000000000000000001 /* PBXTargetDependency */ = {
			isa = PBXTargetDependency;
			target = DDD000000000000000000002 /* IslandWidget */;
			targetProxy = HHH000000000000000000002 /* PBXContainerItemProxy */;
		};
/* End PBXTargetDependency section */

/* Begin XCBuildConfiguration section */
		GGG000000000000000000001 /* Debug */ = {
			isa = XCBuildConfiguration;
			buildSettings = {
				ALWAYS_SEARCH_USER_PATHS = NO;
				CLANG_ANALYZER_NONNULL = YES;
				CLANG_ANALYZER_NUMBER_OBJECT_CONVERSION = YES_AGGRESSIVE;
				CLANG_CXX_LANGUAGE_STANDARD = "gnu++20";
				CLANG_ENABLE_MODULES = YES;
				CLANG_ENABLE_OBJC_ARC = YES;
				CLANG_ENABLE_OBJC_WEAK = YES;
				CLANG_WARN_BLOCK_CAPTURE_AUTORELEASING = YES;
				CLANG_WARN_BOOL_CONVERSION = YES;
				CLANG_WARN_COMMA = YES;
				CLANG_WARN_CONSTANT_CONVERSION = YES;
				CLANG_WARN_DEPRECATED_OBJC_IMPLEMENTATIONS = YES;
				CLANG_WARN_DIRECT_OBJC_ISA_USAGE = YES_ERROR;
				CLANG_WARN_DOCUMENTATION_COMMENTS = YES;
				CLANG_WARN_EMPTY_BODY = YES;
				CLANG_WARN_ENUM_CONVERSION = YES;
				CLANG_WARN_INFINITE_RECURSION = YES;
				CLANG_WARN_INT_CONVERSION = YES;
				CLANG_WARN_NON_LITERAL_NULL_CONVERSION = YES;
				CLANG_WARN_OBJC_IMPLICIT_RETAIN_SELF = YES;
				CLANG_WARN_OBJC_LITERAL_CONVERSION = YES;
				CLANG_WARN_OBJC_ROOT_CLASS = YES_ERROR;
				CLANG_WARN_QUOTED_INCLUDE_IN_FRAMEWORK_HEADER = YES;
				CLANG_WARN_RANGE_LOOP_ANALYSIS = YES;
				CLANG_WARN_STRICT_PROTOTYPES = YES;
				CLANG_WARN_SUSPICIOUS_MOVE = YES;
				CLANG_WARN_UNGUARDED_AVAILABILITY = YES_AGGRESSIVE;
				CLANG_WARN_UNREACHABLE_CODE = YES;
				CLANG_WARN__DUPLICATE_METHOD_MATCH = YES;
				COPY_PHASE_STRIP = NO;
				DEBUG_INFORMATION_FORMAT = dwarf;
				ENABLE_STRICT_OBJC_MSGSEND = YES;
				ENABLE_TESTABILITY = YES;
				GCC_C_LANGUAGE_STANDARD = gnu17;
				GCC_DYNAMIC_NO_PIC = NO;
				GCC_NO_COMMON_BLOCKS = YES;
				GCC_OPTIMIZATION_LEVEL = 0;
				GCC_PREPROCESSOR_DEFINITIONS = (
					"DEBUG=1",
					"$(inherited)",
				);
				GCC_WARN_64_TO_32_BIT_CONVERSION = YES;
				GCC_WARN_ABOUT_RETURN_TYPE = YES_ERROR;
				GCC_WARN_UNDECLARED_SELECTOR = YES;
				GCC_WARN_UNINITIALIZED_AUTOS = YES_AGGRESSIVE;
				GCC_WARN_UNUSED_FUNCTION = YES;
				GCC_WARN_UNUSED_VARIABLE = YES;
				IPHONEOS_DEPLOYMENT_TARGET = 16.2;
				LOCALIZATION_PREFERS_STRING_CATALOGS = YES;
				MTL_ENABLE_DEBUG_INFO = INCLUDE_SOURCE;
				MTL_FAST_MATH = YES;
				ONLY_ACTIVE_ARCH = YES;
				SDKROOT = iphoneos;
				SWIFT_ACTIVE_COMPILATION_CONDITIONS = "DEBUG $(inherited)";
				SWIFT_OPTIMIZATION_LEVEL = "-Onone";
			};
			name = Debug;
		};
		GGG000000000000000000002 /* Release */ = {
			isa = XCBuildConfiguration;
			buildSettings = {
				ALWAYS_SEARCH_USER_PATHS = NO;
				CLANG_ANALYZER_NONNULL = YES;
				CLANG_ANALYZER_NUMBER_OBJECT_CONVERSION = YES_AGGRESSIVE;
				CLANG_CXX_LANGUAGE_STANDARD = "gnu++20";
				CLANG_ENABLE_MODULES = YES;
				CLANG_ENABLE_OBJC_ARC = YES;
				CLANG_ENABLE_OBJC_WEAK = YES;
				CLANG_WARN_BLOCK_CAPTURE_AUTORELEASING = YES;
				CLANG_WARN_BOOL_CONVERSION = YES;
				CLANG_WARN_COMMA = YES;
				CLANG_WARN_CONSTANT_CONVERSION = YES;
				CLANG_WARN_DEPRECATED_OBJC_IMPLEMENTATIONS = YES;
				CLANG_WARN_DIRECT_OBJC_ISA_USAGE = YES_ERROR;
				CLANG_WARN_DOCUMENTATION_COMMENTS = YES;
				CLANG_WARN_EMPTY_BODY = YES;
				CLANG_WARN_ENUM_CONVERSION = YES;
				CLANG_WARN_INFINITE_RECURSION = YES;
				CLANG_WARN_INT_CONVERSION = YES;
				CLANG_WARN_NON_LITERAL_NULL_CONVERSION = YES;
				CLANG_WARN_OBJC_IMPLICIT_RETAIN_SELF = YES;
				CLANG_WARN_OBJC_LITERAL_CONVERSION = YES;
				CLANG_WARN_OBJC_ROOT_CLASS = YES_ERROR;
				CLANG_WARN_QUOTED_INCLUDE_IN_FRAMEWORK_HEADER = YES;
				CLANG_WARN_RANGE_LOOP_ANALYSIS = YES;
				CLANG_WARN_STRICT_PROTOTYPES = YES;
				CLANG_WARN_SUSPICIOUS_MOVE = YES;
				CLANG_WARN_UNGUARDED_AVAILABILITY = YES_AGGRESSIVE;
				CLANG_WARN_UNREACHABLE_CODE = YES;
				CLANG_WARN__DUPLICATE_METHOD_MATCH = YES;
				COPY_PHASE_STRIP = NO;
				DEBUG_INFORMATION_FORMAT = "dwarf-with-dsym";
				ENABLE_NS_ASSERTIONS = NO;
				ENABLE_STRICT_OBJC_MSGSEND = YES;
				GCC_C_LANGUAGE_STANDARD = gnu17;
				GCC_NO_COMMON_BLOCKS = YES;
				GCC_WARN_64_TO_32_BIT_CONVERSION = YES;
				GCC_WARN_ABOUT_RETURN_TYPE = YES_ERROR;
				GCC_WARN_UNDECLARED_SELECTOR = YES;
				GCC_WARN_UNINITIALIZED_AUTOS = YES_AGGRESSIVE;
				GCC_WARN_UNUSED_FUNCTION = YES;
				GCC_WARN_UNUSED_VARIABLE = YES;
				IPHONEOS_DEPLOYMENT_TARGET = 16.2;
				LOCALIZATION_PREFERS_STRING_CATALOGS = YES;
				MTL_ENABLE_DEBUG_INFO = NO;
				MTL_FAST_MATH = YES;
				SDKROOT = iphoneos;
				SWIFT_COMPILATION_MODE = wholemodule;
				SWIFT_OPTIMIZATION_LEVEL = "-O";
				VALIDATE_PRODUCT = YES;
			};
			name = Release;
		};
		GGG000000000000000000003 /* Debug */ = {
			isa = XCBuildConfiguration;
			buildSettings = {
				ASSETCATALOG_COMPILER_APPICON_NAME = AppIcon;
				ASSETCATALOG_COMPILER_GLOBAL_ACCENT_COLOR_NAME = AccentColor;
				CODE_SIGN_STYLE = Automatic;
				CURRENT_PROJECT_VERSION = 1;
				ENABLE_PREVIEWS = YES;
				GENERATE_INFOPLIST_FILE = NO;
				INFOPLIST_FILE = UltraTools/Info.plist;
				IPHONEOS_DEPLOYMENT_TARGET = 16.2;
				LD_RUNPATH_SEARCH_PATHS = (
					"$(inherited)",
					"@executable_path/Frameworks",
				);
				MARKETING_VERSION = 1.0;
				PRODUCT_BUNDLE_IDENTIFIER = com.kulikoff.ultratools;
				PRODUCT_NAME = "$(TARGET_NAME)";
				SWIFT_EMIT_LOC_STRINGS = YES;
				SWIFT_VERSION = 5.0;
				TARGETED_DEVICE_FAMILY = "1,2";
			};
			name = Debug;
		};
		GGG000000000000000000004 /* Release */ = {
			isa = XCBuildConfiguration;
			buildSettings = {
				ASSETCATALOG_COMPILER_APPICON_NAME = AppIcon;
				ASSETCATALOG_COMPILER_GLOBAL_ACCENT_COLOR_NAME = AccentColor;
				CODE_SIGN_STYLE = Automatic;
				CURRENT_PROJECT_VERSION = 1;
				ENABLE_PREVIEWS = YES;
				GENERATE_INFOPLIST_FILE = NO;
				INFOPLIST_FILE = UltraTools/Info.plist;
				IPHONEOS_DEPLOYMENT_TARGET = 16.2;
				LD_RUNPATH_SEARCH_PATHS = (
					"$(inherited)",
					"@executable_path/Frameworks",
				);
				MARKETING_VERSION = 1.0;
				PRODUCT_BUNDLE_IDENTIFIER = com.kulikoff.ultratools;
				PRODUCT_NAME = "$(TARGET_NAME)";
				SWIFT_EMIT_LOC_STRINGS = YES;
				SWIFT_VERSION = 5.0;
				TARGETED_DEVICE_FAMILY = "1,2";
			};
			name = Release;
		};
		GGG000000000000000000005 /* Debug */ = {
			isa = XCBuildConfiguration;
			buildSettings = {
				CODE_SIGN_STYLE = Automatic;
				CURRENT_PROJECT_VERSION = 1;
				GENERATE_INFOPLIST_FILE = NO;
				INFOPLIST_FILE = IslandWidget/Info.plist;
				IPHONEOS_DEPLOYMENT_TARGET = 16.2;
				LD_RUNPATH_SEARCH_PATHS = (
					"$(inherited)",
					"@executable_path/Frameworks",
					"@executable_path/../../Frameworks",
				);
				MARKETING_VERSION = 1.0;
				PRODUCT_BUNDLE_IDENTIFIER = com.kulikoff.ultratools.island;
				PRODUCT_NAME = "$(TARGET_NAME)";
				SKIP_INSTALL = YES;
				SWIFT_EMIT_LOC_STRINGS = YES;
				SWIFT_VERSION = 5.0;
				TARGETED_DEVICE_FAMILY = "1,2";
			};
			name = Debug;
		};
		GGG000000000000000000006 /* Release */ = {
			isa = XCBuildConfiguration;
			buildSettings = {
				CODE_SIGN_STYLE = Automatic;
				CURRENT_PROJECT_VERSION = 1;
				GENERATE_INFOPLIST_FILE = NO;
				INFOPLIST_FILE = IslandWidget/Info.plist;
				IPHONEOS_DEPLOYMENT_TARGET = 16.2;
				LD_RUNPATH_SEARCH_PATHS = (
					"$(inherited)",
					"@executable_path/Frameworks",
					"@executable_path/../../Frameworks",
				);
				MARKETING_VERSION = 1.0;
				PRODUCT_BUNDLE_IDENTIFIER = com.kulikoff.ultratools.island;
				PRODUCT_NAME = "$(TARGET_NAME)";
				SKIP_INSTALL = YES;
				SWIFT_EMIT_LOC_STRINGS = YES;
				SWIFT_VERSION = 5.0;
				TARGETED_DEVICE_FAMILY = "1,2";
			};
			name = Release;
		};
/* End XCBuildConfiguration section */

/* Begin XCConfigurationList section */
		FFF000000000000000000001 /* Build configuration list for PBXProject "UltraTools" */ = {
			isa = XCConfigurationList;
			buildConfigurations = (
				GGG000000000000000000001 /* Debug */,
				GGG000000000000000000002 /* Release */,
			);
			defaultConfigurationIsVisible = 0;
			defaultConfigurationName = Release;
		};
		FFF000000000000000000002 /* Build configuration list for PBXNativeTarget "UltraTools" */ = {
			isa = XCConfigurationList;
			buildConfigurations = (
				GGG000000000000000000003 /* Debug */,
				GGG000000000000000000004 /* Release */,
			);
			defaultConfigurationIsVisible = 0;
			defaultConfigurationName = Release;
		};
		FFF000000000000000000003 /* Build configuration list for PBXNativeTarget "IslandWidget" */ = {
			isa = XCConfigurationList;
			buildConfigurations = (
				GGG000000000000000000005 /* Debug */,
				GGG000000000000000000006 /* Release */,
			);
			defaultConfigurationIsVisible = 0;
			defaultConfigurationName = Release;
		};
/* End XCConfigurationList section */
	};
	rootObject = AAA000000000000000000001 /* Project object */;
}
